
Microsoft Visual Studio Solution File, Format Version 12.00
# Visual Studio Version 17
VisualStudioVersion = 17.14.36310.24 d17.14
MinimumVisualStudioVersion = 10.0.40219.1
Project("{FAE04EC0-301F-11D3-BF4B-00C04F79EFBC}") = "TextNarrator", "TextNarrator.csproj", "{EB044FE7-CB41-4044-B2ED-CC3CB5AC69CF}"
EndProject
Global
	GlobalSection(SolutionConfigurationPlatforms) = preSolution
		Debug|Any CPU = Debug|Any CPU
		Release|Any CPU = Release|Any CPU
	EndGlobalSection
	GlobalSection(ProjectConfigurationPlatforms) = postSolution
		{EB044FE7-CB41-4044-B2ED-CC3CB5AC69CF}.Debug|Any CPU.ActiveCfg = Debug|Any CPU
		{EB044FE7-CB41-4044-B2ED-CC3CB5AC69CF}.Debug|Any CPU.Build.0 = Debug|Any CPU
		{EB044FE7-CB41-4044-B2ED-CC3CB5AC69CF}.Release|Any CPU.ActiveCfg = Release|Any CPU
		{EB044FE7-CB41-4044-B2ED-CC3CB5AC69CF}.Release|Any CPU.Build.0 = Release|Any CPU
	EndGlobalSection
	GlobalSection(SolutionProperties) = preSolution
		HideSolutionNode = FALSE
	EndGlobalSection
	GlobalSection(ExtensibilityGlobals) = postSolution
		SolutionGuid = {9C312549-FAF7-4D8C-83B9-3D30C7B9444A}
	EndGlobalSection
EndGlobal
